
Microsoft Visual Studio Solution File, Format Version 12.00
# Visual Studio Version 17
VisualStudioVersion = 17.5.33414.496
MinimumVisualStudioVersion = 10.0.40219.1
Project("{9A19103F-16F7-4668-BE54-9A1E7A4F7556}") = "RGB", "RGB.csproj", "{C4FCA09C-3816-482D-822F-574951B206D6}"
EndProject
Project("{FAE04EC0-301F-11D3-BF4B-00C04F79EFBC}") = "RGBModellTest", "..\RGBModellTest\RGBModellTest.csproj", "{6D9CBC7A-A2FA-4425-9973-E1D2CF664DCE}"
EndProject
Global
	GlobalSection(SolutionConfigurationPlatforms) = preSolution
		Debug|Any CPU = Debug|Any CPU
		Release|Any CPU = Release|Any CPU
	EndGlobalSection
	GlobalSection(ProjectConfigurationPlatforms) = postSolution
		{C4FCA09C-3816-482D-822F-574951B206D6}.Debug|Any CPU.ActiveCfg = Debug|Any CPU
		{C4FCA09C-3816-482D-822F-574951B206D6}.Debug|Any CPU.Build.0 = Debug|Any CPU
		{C4FCA09C-3816-482D-822F-574951B206D6}.Release|Any CPU.ActiveCfg = Release|Any CPU
		{C4FCA09C-3816-482D-822F-574951B206D6}.Release|Any CPU.Build.0 = Release|Any CPU
		{6D9CBC7A-A2FA-4425-9973-E1D2CF664DCE}.Debug|Any CPU.ActiveCfg = Debug|Any CPU
		{6D9CBC7A-A2FA-4425-9973-E1D2CF664DCE}.Debug|Any CPU.Build.0 = Debug|Any CPU
		{6D9CBC7A-A2FA-4425-9973-E1D2CF664DCE}.Release|Any CPU.ActiveCfg = Release|Any CPU
		{6D9CBC7A-A2FA-4425-9973-E1D2CF664DCE}.Release|Any CPU.Build.0 = Release|Any CPU
	EndGlobalSection
	GlobalSection(SolutionProperties) = preSolution
		HideSolutionNode = FALSE
	EndGlobalSection
	GlobalSection(ExtensibilityGlobals) = postSolution
		SolutionGuid = {EACCB130-F9E8-4B75-B988-8F2295E98AF3}
	EndGlobalSection
EndGlobal
